
Microsoft Visual Studio Solution File, Format Version 12.00
# Visual Studio Version 16
VisualStudioVersion = 16.0.30523.141
MinimumVisualStudioVersion = 15.0.26124.0
Project("{2150E333-8FDC-42A3-9474-1A3956D46DE8}") = "Domain", "Domain", "{533BEC82-4269-4948-AF89-91CFE690D3EE}"
EndProject
Project("{2150E333-8FDC-42A3-9474-1A3956D46DE8}") = "Infra.Bus", "Infra.Bus", "{21050C43-64EF-4684-94B6-CDD142A9B809}"
EndProject
Project("{2150E333-8FDC-42A3-9474-1A3956D46DE8}") = "Infra.IoC", "Infra.IoC", "{284299A5-6CA0-408D-B859-74F2BBC8D194}"
EndProject
Project("{9A19103F-16F7-4668-BE54-9A1E7A4F7556}") = "MikroRabbit.Infra.Bus", "Infra.Bus\MikroRabbit.Infra.Bus\MikroRabbit.Infra.Bus.csproj", "{B8A84E93-69B1-4361-8403-97938FA98D97}"
EndProject
Project("{9A19103F-16F7-4668-BE54-9A1E7A4F7556}") = "MicroRabbit.Domain.Core", "Domain\MicroRabbit.Domain.Core\MicroRabbit.Domain.Core.csproj", "{1AE61E66-AFD0-425E-A9CD-524174D82E3F}"
EndProject
Project("{9A19103F-16F7-4668-BE54-9A1E7A4F7556}") = "MikroRabbit.Infra.IoC", "Infra.IoC\MikroRabbit.Infra.IoC\MikroRabbit.Infra.IoC.csproj", "{7EA107F1-5095-4301-81F3-1CFDE1A4FE07}"
EndProject
Project("{2150E333-8FDC-42A3-9474-1A3956D46DE8}") = "Microservices", "Microservices", "{66058C9C-B6F9-4F6B-8E21-24E5B1D4E2E0}"
EndProject
Project("{2150E333-8FDC-42A3-9474-1A3956D46DE8}") = "Banking", "Banking", "{CBE1BB4E-F1E9-44B4-B6F2-B4FBCC633FD8}"
EndProject
Project("{2150E333-8FDC-42A3-9474-1A3956D46DE8}") = "Api", "Api", "{E0A19863-D295-490A-8F8C-5B00B6DE440B}"
EndProject
Project("{9A19103F-16F7-4668-BE54-9A1E7A4F7556}") = "Microrabbit.Banking.Api", "Microservices\Banking\Api\Microrabbit.Banking.Api\Microrabbit.Banking.Api.csproj", "{941BE87B-5CC7-487F-8FC7-13F005173163}"
EndProject
Project("{2150E333-8FDC-42A3-9474-1A3956D46DE8}") = "Application", "Application", "{FCBC503F-6ED1-4021-94F6-C4E889C3CBFD}"
EndProject
Project("{9A19103F-16F7-4668-BE54-9A1E7A4F7556}") = "Microrabbit.Banking.Application", "Microservices\Banking\Application\Microrabbit.Banking.Application\Microrabbit.Banking.Application.csproj", "{E77FA6E7-02AE-4EAE-B1F7-A816CCA2FE57}"
EndProject
Project("{2150E333-8FDC-42A3-9474-1A3956D46DE8}") = "Data", "Data", "{8F90D990-0387-44B2-B679-C59C26E41EB6}"
EndProject
Project("{9A19103F-16F7-4668-BE54-9A1E7A4F7556}") = "Microrabbit.Banking.Data", "Microservices\Banking\Data\Microrabbit.Banking.Data\Microrabbit.Banking.Data.csproj", "{56FB0184-BA66-43CF-8189-4FFDD607D007}"
EndProject
Project("{2150E333-8FDC-42A3-9474-1A3956D46DE8}") = "Domain", "Domain", "{16FF3FA1-5C89-48FF-8673-9D99680B0ECF}"
EndProject
Project("{9A19103F-16F7-4668-BE54-9A1E7A4F7556}") = "Microrabbit.Banking.Domain", "Microservices\Banking\Domain\Microrabbit.Banking.Domain\Microrabbit.Banking.Domain.csproj", "{8F62CEFA-F37D-4200-B9E1-2AC871BE32AE}"
EndProject
Project("{2150E333-8FDC-42A3-9474-1A3956D46DE8}") = "Transfer", "Transfer", "{D27EEF44-4CF3-4EF6-9069-B94034607A5A}"
EndProject
Project("{2150E333-8FDC-42A3-9474-1A3956D46DE8}") = "Api", "Api", "{999EB674-EC24-4985-9AEB-94DB35B31C8E}"
EndProject
Project("{2150E333-8FDC-42A3-9474-1A3956D46DE8}") = "Application", "Application", "{97D6E2E7-0C5F-4A92-BD63-F52655C5BE89}"
EndProject
Project("{2150E333-8FDC-42A3-9474-1A3956D46DE8}") = "Data", "Data", "{F4C1CE7D-3D2C-4922-B7C3-535068802BA3}"
EndProject
Project("{2150E333-8FDC-42A3-9474-1A3956D46DE8}") = "Domain", "Domain", "{C638C89F-6120-40CC-A1F4-8D5E5B204F61}"
EndProject
Project("{FAE04EC0-301F-11D3-BF4B-00C04F79EFBC}") = "Microrabbit.Transfer.Api", "Microservices\Transfer\Api\Microrabbit.Transfer.Api\Microrabbit.Transfer.Api.csproj", "{90A1A6AB-22B9-4D36-94DD-477E6C93CACE}"
EndProject
Project("{FAE04EC0-301F-11D3-BF4B-00C04F79EFBC}") = "Microrabbit.Transfer.Application", "Microservices\Transfer\Application\Microrabbit.Transfer.Application\Microrabbit.Transfer.Application.csproj", "{8A57BAFA-317B-4DA4-AC86-B89F33080CC8}"
EndProject
Project("{FAE04EC0-301F-11D3-BF4B-00C04F79EFBC}") = "MicroRabbit.Transfer.Data", "Microservices\Transfer\Data\MicroRabbit.Transfer.Data\MicroRabbit.Transfer.Data.csproj", "{02E0C596-C2BD-4FB3-BB67-89F1A0164F76}"
EndProject
Project("{FAE04EC0-301F-11D3-BF4B-00C04F79EFBC}") = "Microrabbit.Transfer.Domain", "Microservices\Transfer\Domain\Microrabbit.Transfer.Domain\Microrabbit.Transfer.Domain.csproj", "{DF21AF72-58FA-4999-AB53-47895D5E48EA}"
EndProject
Global
	GlobalSection(SolutionConfigurationPlatforms) = preSolution
		Debug|Any CPU = Debug|Any CPU
		Debug|x64 = Debug|x64
		Debug|x86 = Debug|x86
		Release|Any CPU = Release|Any CPU
		Release|x64 = Release|x64
		Release|x86 = Release|x86
	EndGlobalSection
	GlobalSection(ProjectConfigurationPlatforms) = postSolution
		{B8A84E93-69B1-4361-8403-97938FA98D97}.Debug|Any CPU.ActiveCfg = Debug|Any CPU
		{B8A84E93-69B1-4361-8403-97938FA98D97}.Debug|Any CPU.Build.0 = Debug|Any CPU
		{B8A84E93-69B1-4361-8403-97938FA98D97}.Debug|x64.ActiveCfg = Debug|Any CPU
		{B8A84E93-69B1-4361-8403-97938FA98D97}.Debug|x64.Build.0 = Debug|Any CPU
		{B8A84E93-69B1-4361-8403-97938FA98D97}.Debug|x86.ActiveCfg = Debug|Any CPU
		{B8A84E93-69B1-4361-8403-97938FA98D97}.Debug|x86.Build.0 = Debug|Any CPU
		{B8A84E93-69B1-4361-8403-97938FA98D97}.Release|Any CPU.ActiveCfg = Release|Any CPU
		{B8A84E93-69B1-4361-8403-97938FA98D97}.Release|Any CPU.Build.0 = Release|Any CPU
		{B8A84E93-69B1-4361-8403-97938FA98D97}.Release|x64.ActiveCfg = Release|Any CPU
		{B8A84E93-69B1-4361-8403-97938FA98D97}.Release|x64.Build.0 = Release|Any CPU
		{B8A84E93-69B1-4361-8403-97938FA98D97}.Release|x86.ActiveCfg = Release|Any CPU
		{B8A84E93-69B1-4361-8403-97938FA98D97}.Release|x86.Build.0 = Release|Any CPU
		{1AE61E66-AFD0-425E-A9CD-524174D82E3F}.Debug|Any CPU.ActiveCfg = Debug|Any CPU
		{1AE61E66-AFD0-425E-A9CD-524174D82E3F}.Debug|Any CPU.Build.0 = Debug|Any CPU
		{1AE61E66-AFD0-425E-A9CD-524174D82E3F}.Debug|x64.ActiveCfg = Debug|Any CPU
		{1AE61E66-AFD0-425E-A9CD-524174D82E3F}.Debug|x64.Build.0 = Debug|Any CPU
		{1AE61E66-AFD0-425E-A9CD-524174D82E3F}.Debug|x86.ActiveCfg = Debug|Any CPU
		{1AE61E66-AFD0-425E-A9CD-524174D82E3F}.Debug|x86.Build.0 = Debug|Any CPU
		{1AE61E66-AFD0-425E-A9CD-524174D82E3F}.Release|Any CPU.ActiveCfg = Release|Any CPU
		{1AE61E66-AFD0-425E-A9CD-524174D82E3F}.Release|Any CPU.Build.0 = Release|Any CPU
		{1AE61E66-AFD0-425E-A9CD-524174D82E3F}.Release|x64.ActiveCfg = Release|Any CPU
		{1AE61E66-AFD0-425E-A9CD-524174D82E3F}.Release|x64.Build.0 = Release|Any CPU
		{1AE61E66-AFD0-425E-A9CD-524174D82E3F}.Release|x86.ActiveCfg = Release|Any CPU
		{1AE61E66-AFD0-425E-A9CD-524174D82E3F}.Release|x86.Build.0 = Release|Any CPU
		{7EA107F1-5095-4301-81F3-1CFDE1A4FE07}.Debug|Any CPU.ActiveCfg = Debug|Any CPU
		{7EA107F1-5095-4301-81F3-1CFDE1A4FE07}.Debug|Any CPU.Build.0 = Debug|Any CPU
		{7EA107F1-5095-4301-81F3-1CFDE1A4FE07}.Debug|x64.ActiveCfg = Debug|Any CPU
		{7EA107F1-5095-4301-81F3-1CFDE1A4FE07}.Debug|x64.Build.0 = Debug|Any CPU
		{7EA107F1-5095-4301-81F3-1CFDE1A4FE07}.Debug|x86.ActiveCfg = Debug|Any CPU
		{7EA107F1-5095-4301-81F3-1CFDE1A4FE07}.Debug|x86.Build.0 = Debug|Any CPU
		{7EA107F1-5095-4301-81F3-1CFDE1A4FE07}.Release|Any CPU.ActiveCfg = Release|Any CPU
		{7EA107F1-5095-4301-81F3-1CFDE1A4FE07}.Release|Any CPU.Build.0 = Release|Any CPU
		{7EA107F1-5095-4301-81F3-1CFDE1A4FE07}.Release|x64.ActiveCfg = Release|Any CPU
		{7EA107F1-5095-4301-81F3-1CFDE1A4FE07}.Release|x64.Build.0 = Release|Any CPU
		{7EA107F1-5095-4301-81F3-1CFDE1A4FE07}.Release|x86.ActiveCfg = Release|Any CPU
		{7EA107F1-5095-4301-81F3-1CFDE1A4FE07}.Release|x86.Build.0 = Release|Any CPU
		{941BE87B-5CC7-487F-8FC7-13F005173163}.Debug|Any CPU.ActiveCfg = Debug|Any CPU
		{941BE87B-5CC7-487F-8FC7-13F005173163}.Debug|Any CPU.Build.0 = Debug|Any CPU
		{941BE87B-5CC7-487F-8FC7-13F005173163}.Debug|x64.ActiveCfg = Debug|Any CPU
		{941BE87B-5CC7-487F-8FC7-13F005173163}.Debug|x64.Build.0 = Debug|Any CPU
		{941BE87B-5CC7-487F-8FC7-13F005173163}.Debug|x86.ActiveCfg = Debug|Any CPU
		{941BE87B-5CC7-487F-8FC7-13F005173163}.Debug|x86.Build.0 = Debug|Any CPU
		{941BE87B-5CC7-487F-8FC7-13F005173163}.Release|Any CPU.ActiveCfg = Release|Any CPU
		{941BE87B-5CC7-487F-8FC7-13F005173163}.Release|Any CPU.Build.0 = Release|Any CPU
		{941BE87B-5CC7-487F-8FC7-13F005173163}.Release|x64.ActiveCfg = Release|Any CPU
		{941BE87B-5CC7-487F-8FC7-13F005173163}.Release|x64.Build.0 = Release|Any CPU
		{941BE87B-5CC7-487F-8FC7-13F005173163}.Release|x86.ActiveCfg = Release|Any CPU
		{941BE87B-5CC7-487F-8FC7-13F005173163}.Release|x86.Build.0 = Release|Any CPU
		{E77FA6E7-02AE-4EAE-B1F7-A816CCA2FE57}.Debug|Any CPU.ActiveCfg = Debug|Any CPU
		{E77FA6E7-02AE-4EAE-B1F7-A816CCA2FE57}.Debug|Any CPU.Build.0 = Debug|Any CPU
		{E77FA6E7-02AE-4EAE-B1F7-A816CCA2FE57}.Debug|x64.ActiveCfg = Debug|Any CPU
		{E77FA6E7-02AE-4EAE-B1F7-A816CCA2FE57}.Debug|x64.Build.0 = Debug|Any CPU
		{E77FA6E7-02AE-4EAE-B1F7-A816CCA2FE57}.Debug|x86.ActiveCfg = Debug|Any CPU
		{E77FA6E7-02AE-4EAE-B1F7-A816CCA2FE57}.Debug|x86.Build.0 = Debug|Any CPU
		{E77FA6E7-02AE-4EAE-B1F7-A816CCA2FE57}.Release|Any CPU.ActiveCfg = Release|Any CPU
		{E77FA6E7-02AE-4EAE-B1F7-A816CCA2FE57}.Release|Any CPU.Build.0 = Release|Any CPU
		{E77FA6E7-02AE-4EAE-B1F7-A816CCA2FE57}.Release|x64.ActiveCfg = Release|Any CPU
		{E77FA6E7-02AE-4EAE-B1F7-A816CCA2FE57}.Release|x64.Build.0 = Release|Any CPU
		{E77FA6E7-02AE-4EAE-B1F7-A816CCA2FE57}.Release|x86.ActiveCfg = Release|Any CPU
		{E77FA6E7-02AE-4EAE-B1F7-A816CCA2FE57}.Release|x86.Build.0 = Release|Any CPU
		{56FB0184-BA66-43CF-8189-4FFDD607D007}.Debug|Any CPU.ActiveCfg = Debug|Any CPU
		{56FB0184-BA66-43CF-8189-4FFDD607D007}.Debug|Any CPU.Build.0 = Debug|Any CPU
		{56FB0184-BA66-43CF-8189-4FFDD607D007}.Debug|x64.ActiveCfg = Debug|Any CPU
		{56FB0184-BA66-43CF-8189-4FFDD607D007}.Debug|x64.Build.0 = Debug|Any CPU
		{56FB0184-BA66-43CF-8189-4FFDD607D007}.Debug|x86.ActiveCfg = Debug|Any CPU
		{56FB0184-BA66-43CF-8189-4FFDD607D007}.Debug|x86.Build.0 = Debug|Any CPU
		{56FB0184-BA66-43CF-8189-4FFDD607D007}.Release|Any CPU.ActiveCfg = Release|Any CPU
		{56FB0184-BA66-43CF-8189-4FFDD607D007}.Release|Any CPU.Build.0 = Release|Any CPU
		{56FB0184-BA66-43CF-8189-4FFDD607D007}.Release|x64.ActiveCfg = Release|Any CPU
		{56FB0184-BA66-43CF-8189-4FFDD607D007}.Release|x64.Build.0 = Release|Any CPU
		{56FB0184-BA66-43CF-8189-4FFDD607D007}.Release|x86.ActiveCfg = Release|Any CPU
		{56FB0184-BA66-43CF-8189-4FFDD607D007}.Release|x86.Build.0 = Release|Any CPU
		{8F62CEFA-F37D-4200-B9E1-2AC871BE32AE}.Debug|Any CPU.ActiveCfg = Debug|Any CPU
		{8F62CEFA-F37D-4200-B9E1-2AC871BE32AE}.Debug|Any CPU.Build.0 = Debug|Any CPU
		{8F62CEFA-F37D-4200-B9E1-2AC871BE32AE}.Debug|x64.ActiveCfg = Debug|Any CPU
		{8F62CEFA-F37D-4200-B9E1-2AC871BE32AE}.Debug|x64.Build.0 = Debug|Any CPU
		{8F62CEFA-F37D-4200-B9E1-2AC871BE32AE}.Debug|x86.ActiveCfg = Debug|Any CPU
		{8F62CEFA-F37D-4200-B9E1-2AC871BE32AE}.Debug|x86.Build.0 = Debug|Any CPU
		{8F62CEFA-F37D-4200-B9E1-2AC871BE32AE}.Release|Any CPU.ActiveCfg = Release|Any CPU
		{8F62CEFA-F37D-4200-B9E1-2AC871BE32AE}.Release|Any CPU.Build.0 = Release|Any CPU
		{8F62CEFA-F37D-4200-B9E1-2AC871BE32AE}.Release|x64.ActiveCfg = Release|Any CPU
		{8F62CEFA-F37D-4200-B9E1-2AC871BE32AE}.Release|x64.Build.0 = Release|Any CPU
		{8F62CEFA-F37D-4200-B9E1-2AC871BE32AE}.Release|x86.ActiveCfg = Release|Any CPU
		{8F62CEFA-F37D-4200-B9E1-2AC871BE32AE}.Release|x86.Build.0 = Release|Any CPU
		{90A1A6AB-22B9-4D36-94DD-477E6C93CACE}.Debug|Any CPU.ActiveCfg = Debug|Any CPU
		{90A1A6AB-22B9-4D36-94DD-477E6C93CACE}.Debug|Any CPU.Build.0 = Debug|Any CPU
		{90A1A6AB-22B9-4D36-94DD-477E6C93CACE}.Debug|x64.ActiveCfg = Debug|Any CPU
		{90A1A6AB-22B9-4D36-94DD-477E6C93CACE}.Debug|x64.Build.0 = Debug|Any CPU
		{90A1A6AB-22B9-4D36-94DD-477E6C93CACE}.Debug|x86.ActiveCfg = Debug|Any CPU
		{90A1A6AB-22B9-4D36-94DD-477E6C93CACE}.Debug|x86.Build.0 = Debug|Any CPU
		{90A1A6AB-22B9-4D36-94DD-477E6C93CACE}.Release|Any CPU.ActiveCfg = Release|Any CPU
		{90A1A6AB-22B9-4D36-94DD-477E6C93CACE}.Release|Any CPU.Build.0 = Release|Any CPU
		{90A1A6AB-22B9-4D36-94DD-477E6C93CACE}.Release|x64.ActiveCfg = Release|Any CPU
		{90A1A6AB-22B9-4D36-94DD-477E6C93CACE}.Release|x64.Build.0 = Release|Any CPU
		{90A1A6AB-22B9-4D36-94DD-477E6C93CACE}.Release|x86.ActiveCfg = Release|Any CPU
		{90A1A6AB-22B9-4D36-94DD-477E6C93CACE}.Release|x86.Build.0 = Release|Any CPU
		{8A57BAFA-317B-4DA4-AC86-B89F33080CC8}.Debug|Any CPU.ActiveCfg = Debug|Any CPU
		{8A57BAFA-317B-4DA4-AC86-B89F33080CC8}.Debug|Any CPU.Build.0 = Debug|Any CPU
		{8A57BAFA-317B-4DA4-AC86-B89F33080CC8}.Debug|x64.ActiveCfg = Debug|Any CPU
		{8A57BAFA-317B-4DA4-AC86-B89F33080CC8}.Debug|x64.Build.0 = Debug|Any CPU
		{8A57BAFA-317B-4DA4-AC86-B89F33080CC8}.Debug|x86.ActiveCfg = Debug|Any CPU
		{8A57BAFA-317B-4DA4-AC86-B89F33080CC8}.Debug|x86.Build.0 = Debug|Any CPU
		{8A57BAFA-317B-4DA4-AC86-B89F33080CC8}.Release|Any CPU.ActiveCfg = Release|Any CPU
		{8A57BAFA-317B-4DA4-AC86-B89F33080CC8}.Release|Any CPU.Build.0 = Release|Any CPU
		{8A57BAFA-317B-4DA4-AC86-B89F33080CC8}.Release|x64.ActiveCfg = Release|Any CPU
		{8A57BAFA-317B-4DA4-AC86-B89F33080CC8}.Release|x64.Build.0 = Release|Any CPU
		{8A57BAFA-317B-4DA4-AC86-B89F33080CC8}.Release|x86.ActiveCfg = Release|Any CPU
		{8A57BAFA-317B-4DA4-AC86-B89F33080CC8}.Release|x86.Build.0 = Release|Any CPU
		{02E0C596-C2BD-4FB3-BB67-89F1A0164F76}.Debug|Any CPU.ActiveCfg = Debug|Any CPU
		{02E0C596-C2BD-4FB3-BB67-89F1A0164F76}.Debug|Any CPU.Build.0 = Debug|Any CPU
		{02E0C596-C2BD-4FB3-BB67-89F1A0164F76}.Debug|x64.ActiveCfg = Debug|Any CPU
		{02E0C596-C2BD-4FB3-BB67-89F1A0164F76}.Debug|x64.Build.0 = Debug|Any CPU
		{02E0C596-C2BD-4FB3-BB67-89F1A0164F76}.Debug|x86.ActiveCfg = Debug|Any CPU
		{02E0C596-C2BD-4FB3-BB67-89F1A0164F76}.Debug|x86.Build.0 = Debug|Any CPU
		{02E0C596-C2BD-4FB3-BB67-89F1A0164F76}.Release|Any CPU.ActiveCfg = Release|Any CPU
		{02E0C596-C2BD-4FB3-BB67-89F1A0164F76}.Release|Any CPU.Build.0 = Release|Any CPU
		{02E0C596-C2BD-4FB3-BB67-89F1A0164F76}.Release|x64.ActiveCfg = Release|Any CPU
		{02E0C596-C2BD-4FB3-BB67-89F1A0164F76}.Release|x64.Build.0 = Release|Any CPU
		{02E0C596-C2BD-4FB3-BB67-89F1A0164F76}.Release|x86.ActiveCfg = Release|Any CPU
		{02E0C596-C2BD-4FB3-BB67-89F1A0164F76}.Release|x86.Build.0 = Release|Any CPU
		{DF21AF72-58FA-4999-AB53-47895D5E48EA}.Debug|Any CPU.ActiveCfg = Debug|Any CPU
		{DF21AF72-58FA-4999-AB53-47895D5E48EA}.Debug|Any CPU.Build.0 = Debug|Any CPU
		{DF21AF72-58FA-4999-AB53-47895D5E48EA}.Debug|x64.ActiveCfg = Debug|Any CPU
		{DF21AF72-58FA-4999-AB53-47895D5E48EA}.Debug|x64.Build.0 = Debug|Any CPU
		{DF21AF72-58FA-4999-AB53-47895D5E48EA}.Debug|x86.ActiveCfg = Debug|Any CPU
		{DF21AF72-58FA-4999-AB53-47895D5E48EA}.Debug|x86.Build.0 = Debug|Any CPU
		{DF21AF72-58FA-4999-AB53-47895D5E48EA}.Release|Any CPU.ActiveCfg = Release|Any CPU
		{DF21AF72-58FA-4999-AB53-47895D5E48EA}.Release|Any CPU.Build.0 = Release|Any CPU
		{DF21AF72-58FA-4999-AB53-47895D5E48EA}.Release|x64.ActiveCfg = Release|Any CPU
		{DF21AF72-58FA-4999-AB53-47895D5E48EA}.Release|x64.Build.0 = Release|Any CPU
		{DF21AF72-58FA-4999-AB53-47895D5E48EA}.Release|x86.ActiveCfg = Release|Any CPU
		{DF21AF72-58FA-4999-AB53-47895D5E48EA}.Release|x86.Build.0 = Release|Any CPU
	EndGlobalSection
	GlobalSection(SolutionProperties) = preSolution
		HideSolutionNode = FALSE
	EndGlobalSection
	GlobalSection(NestedProjects) = preSolution
		{B8A84E93-69B1-4361-8403-97938FA98D97} = {21050C43-64EF-4684-94B6-CDD142A9B809}
		{1AE61E66-AFD0-425E-A9CD-524174D82E3F} = {533BEC82-4269-4948-AF89-91CFE690D3EE}
		{7EA107F1-5095-4301-81F3-1CFDE1A4FE07} = {284299A5-6CA0-408D-B859-74F2BBC8D194}
		{CBE1BB4E-F1E9-44B4-B6F2-B4FBCC633FD8} = {66058C9C-B6F9-4F6B-8E21-24E5B1D4E2E0}
		{E0A19863-D295-490A-8F8C-5B00B6DE440B} = {CBE1BB4E-F1E9-44B4-B6F2-B4FBCC633FD8}
		{941BE87B-5CC7-487F-8FC7-13F005173163} = {E0A19863-D295-490A-8F8C-5B00B6DE440B}
		{FCBC503F-6ED1-4021-94F6-C4E889C3CBFD} = {CBE1BB4E-F1E9-44B4-B6F2-B4FBCC633FD8}
		{E77FA6E7-02AE-4EAE-B1F7-A816CCA2FE57} = {FCBC503F-6ED1-4021-94F6-C4E889C3CBFD}
		{8F90D990-0387-44B2-B679-C59C26E41EB6} = {CBE1BB4E-F1E9-44B4-B6F2-B4FBCC633FD8}
		{56FB0184-BA66-43CF-8189-4FFDD607D007} = {8F90D990-0387-44B2-B679-C59C26E41EB6}
		{16FF3FA1-5C89-48FF-8673-9D99680B0ECF} = {CBE1BB4E-F1E9-44B4-B6F2-B4FBCC633FD8}
		{8F62CEFA-F37D-4200-B9E1-2AC871BE32AE} = {16FF3FA1-5C89-48FF-8673-9D99680B0ECF}
		{D27EEF44-4CF3-4EF6-9069-B94034607A5A} = {66058C9C-B6F9-4F6B-8E21-24E5B1D4E2E0}
		{999EB674-EC24-4985-9AEB-94DB35B31C8E} = {D27EEF44-4CF3-4EF6-9069-B94034607A5A}
		{97D6E2E7-0C5F-4A92-BD63-F52655C5BE89} = {D27EEF44-4CF3-4EF6-9069-B94034607A5A}
		{F4C1CE7D-3D2C-4922-B7C3-535068802BA3} = {D27EEF44-4CF3-4EF6-9069-B94034607A5A}
		{C638C89F-6120-40CC-A1F4-8D5E5B204F61} = {D27EEF44-4CF3-4EF6-9069-B94034607A5A}
		{90A1A6AB-22B9-4D36-94DD-477E6C93CACE} = {999EB674-EC24-4985-9AEB-94DB35B31C8E}
		{8A57BAFA-317B-4DA4-AC86-B89F33080CC8} = {97D6E2E7-0C5F-4A92-BD63-F52655C5BE89}
		{02E0C596-C2BD-4FB3-BB67-89F1A0164F76} = {F4C1CE7D-3D2C-4922-B7C3-535068802BA3}
		{DF21AF72-58FA-4999-AB53-47895D5E48EA} = {C638C89F-6120-40CC-A1F4-8D5E5B204F61}
	EndGlobalSection
	GlobalSection(ExtensibilityGlobals) = postSolution
		SolutionGuid = {D20369FC-A8EE-447A-9218-1EEC5F43DD7B}
	EndGlobalSection
EndGlobal
